
Microsoft Visual Studio Solution File, Format Version 12.00
# Visual Studio Version 16
VisualStudioVersion = 16.0.32407.337
MinimumVisualStudioVersion = 10.0.40219.1
Project("{8BC9CEB8-8B4A-11D0-8D11-00A0C91BC942}") = "RiseOnlineKeyboard", "RiseOnlineKeyboard\RiseOnlineKeyboard.vcxproj", "{455DA4EE-96CE-42F6-A551-28DE6594988C}"
EndProject
Global
	GlobalSection(SolutionConfigurationPlatforms) = preSolution
		Debug|ARM = Debug|ARM
		Debug|ARM64 = Debug|ARM64
		Debug|x64 = Debug|x64
		Debug|x86 = Debug|x86
		Release|ARM = Release|ARM
		Release|ARM64 = Release|ARM64
		Release|x64 = Release|x64
		Release|x86 = Release|x86
	EndGlobalSection
	GlobalSection(ProjectConfigurationPlatforms) = postSolution
		{455DA4EE-96CE-42F6-A551-28DE6594988C}.Debug|ARM.ActiveCfg = Debug|ARM
		{455DA4EE-96CE-42F6-A551-28DE6594988C}.Debug|ARM.Build.0 = Debug|ARM
		{455DA4EE-96CE-42F6-A551-28DE6594988C}.Debug|ARM.Deploy.0 = Debug|ARM
		{455DA4EE-96CE-42F6-A551-28DE6594988C}.Debug|ARM64.ActiveCfg = Debug|ARM64
		{455DA4EE-96CE-42F6-A551-28DE6594988C}.Debug|ARM64.Build.0 = Debug|ARM64
		{455DA4EE-96CE-42F6-A551-28DE6594988C}.Debug|ARM64.Deploy.0 = Debug|ARM64
		{455DA4EE-96CE-42F6-A551-28DE6594988C}.Debug|x64.ActiveCfg = Debug|x64
		{455DA4EE-96CE-42F6-A551-28DE6594988C}.Debug|x64.Build.0 = Debug|x64
		{455DA4EE-96CE-42F6-A551-28DE6594988C}.Debug|x64.Deploy.0 = Debug|x64
		{455DA4EE-96CE-42F6-A551-28DE6594988C}.Debug|x86.ActiveCfg = Debug|Win32
		{455DA4EE-96CE-42F6-A551-28DE6594988C}.Debug|x86.Build.0 = Debug|Win32
		{455DA4EE-96CE-42F6-A551-28DE6594988C}.Debug|x86.Deploy.0 = Debug|Win32
		{455DA4EE-96CE-42F6-A551-28DE6594988C}.Release|ARM.ActiveCfg = Release|ARM
		{455DA4EE-96CE-42F6-A551-28DE6594988C}.Release|ARM.Build.0 = Release|ARM
		{455DA4EE-96CE-42F6-A551-28DE6594988C}.Release|ARM.Deploy.0 = Release|ARM
		{455DA4EE-96CE-42F6-A551-28DE6594988C}.Release|ARM64.ActiveCfg = Release|ARM64
		{455DA4EE-96CE-42F6-A551-28DE6594988C}.Release|ARM64.Build.0 = Release|ARM64
		{455DA4EE-96CE-42F6-A551-28DE6594988C}.Release|ARM64.Deploy.0 = Release|ARM64
		{455DA4EE-96CE-42F6-A551-28DE6594988C}.Release|x64.ActiveCfg = Release|x64
		{455DA4EE-96CE-42F6-A551-28DE6594988C}.Release|x64.Build.0 = Release|x64
		{455DA4EE-96CE-42F6-A551-28DE6594988C}.Release|x64.Deploy.0 = Release|x64
		{455DA4EE-96CE-42F6-A551-28DE6594988C}.Release|x86.ActiveCfg = Release|Win32
		{455DA4EE-96CE-42F6-A551-28DE6594988C}.Release|x86.Build.0 = Release|Win32
		{455DA4EE-96CE-42F6-A551-28DE6594988C}.Release|x86.Deploy.0 = Release|Win32
	EndGlobalSection
	GlobalSection(SolutionProperties) = preSolution
		HideSolutionNode = FALSE
	EndGlobalSection
	GlobalSection(ExtensibilityGlobals) = postSolution
		SolutionGuid = {394CC52E-0360-40CC-AE56-116B7D2E8F6A}
	EndGlobalSection
EndGlobal
